{
  "name": "manager_library_09",
  "requires": true,
  "lockfileVersion": 1,
  "dependencies": {
    "angular-i18n": {
      "version": "1.6.9",
      "resolved": "https://registry.npmjs.org/angular-i18n/-/angular-i18n-1.6.9.tgz",
      "integrity": "sha512-pt7rcWBDWdwNTEc8sIRQI/FWmi1zZtthxG+Ag+iOWkyfypI5J1RKJwpnwjJBqFKPte4HvFZSsuIRfpWJ0hFGdA=="
    }
  }
}
